# THIS IS AN AUTOGENERATED FILE. DO NOT EDIT THIS FILE DIRECTLY.
# yarn lockfile v1


"@types/node@^22.13.4":
  version "22.13.4"
  resolved "https://registry.yarnpkg.com/@types/node/-/node-22.13.4.tgz#3fe454d77cd4a2d73c214008b3e331bfaaf5038a"
  integrity sha512-ywP2X0DYtX3y08eFVx5fNIw7/uIv8hYUKgXoK8oayJlLnKcRfEYCxWMVE1XagUdVtCJlZT1AU4LXEABW+L1Peg==
  dependencies:
    undici-types "~6.20.0"

commander@^13.1.0:
  version "13.1.0"
  resolved "https://registry.yarnpkg.com/commander/-/commander-13.1.0.tgz#776167db68c78f38dcce1f9b8d7b8b9a488abf46"
  integrity sha512-/rFeCpNJQbhSZjGVwO9RFV3xPqbnERS8MmIQzCtD/zl6gpJuV/bMLuN92oG3F7d8oDEHHRrujSXNUr8fpjntKw==

csv-generate@^4.4.2:
  version "4.4.2"
  resolved "https://registry.yarnpkg.com/csv-generate/-/csv-generate-4.4.2.tgz#001d7eda4993a72d24f73e15c9b9d7b251af8a2e"
  integrity sha512-W6nVsf+rz0J3yo9FOjeer7tmzBJKaTTxf7K0uw6GZgRocZYPVpuSWWa5/aoWWrjQZj4/oNIKTYapOM7hiNjVMA==

csv-parse@^5.6.0:
  version "5.6.0"
  resolved "https://registry.yarnpkg.com/csv-parse/-/csv-parse-5.6.0.tgz#219beace2a3e9f28929999d2aa417d3fb3071c7f"
  integrity sha512-l3nz3euub2QMg5ouu5U09Ew9Wf6/wQ8I++ch1loQ0ljmzhmfZYrH9fflS22i/PQEvsPvxCwxgz5q7UB8K1JO4Q==

csv-stringify@^6.5.2:
  version "6.5.2"
  resolved "https://registry.yarnpkg.com/csv-stringify/-/csv-stringify-6.5.2.tgz#b51d61cd949906d5b5b790463f3055d95915193e"
  integrity sha512-RFPahj0sXcmUyjrObAK+DOWtMvMIFV328n4qZJhgX3x2RqkQgOTU2mCUmiFR0CzM6AzChlRSUErjiJeEt8BaQA==

csv@^6.3.11:
  version "6.3.11"
  resolved "https://registry.yarnpkg.com/csv/-/csv-6.3.11.tgz#c6dd1242e7543f67148827c6458ea668aee583f0"
  integrity sha512-a8bhT76Q546jOElHcTrkzWY7Py925mfLO/jqquseH61ThOebYwOjLbWHBqdRB4K1VpU36sTyIei6Jwj7QdEZ7g==
  dependencies:
    csv-generate "^4.4.2"
    csv-parse "^5.6.0"
    csv-stringify "^6.5.2"
    stream-transform "^3.3.3"

dotenv@^16.4.7:
  version "16.4.7"
  resolved "https://registry.yarnpkg.com/dotenv/-/dotenv-16.4.7.tgz#0e20c5b82950140aa99be360a8a5f52335f53c26"
  integrity sha512-47qPchRCykZC03FhkYAhrvwU4xDBFIj1QPqaarj6mdM/hgUzfPHcpkHJOn3mJAufFeeAxAzeGsr5X0M4k6fLZQ==

levenshtein-edit-distance@^2.0.3:
  version "2.0.5"
  resolved "https://registry.yarnpkg.com/levenshtein-edit-distance/-/levenshtein-edit-distance-2.0.5.tgz#a066eca8afb350e4d9054aed9ffeef66e78ffc83"
  integrity sha512-Yuraz7QnMX/JENJU1HA6UtdsbhRzoSFnGpVGVryjQgHtl2s/YmVgmNYkVs5yzVZ9aAvQR9wPBUH3lG755ylxGA==

object-hash@^1.3.1:
  version "1.3.1"
  resolved "https://registry.yarnpkg.com/object-hash/-/object-hash-1.3.1.tgz#fde452098a951cb145f039bb7d455449ddc126df"
  integrity sha512-OSuu/pU4ENM9kmREg0BdNrUDIl1heYa4mBZacJc+vVWz4GtAwu7jO8s4AIt2aGRUTqxykpWzI3Oqnsm13tTMDA==

stream-transform@^3.3.3:
  version "3.3.3"
  resolved "https://registry.yarnpkg.com/stream-transform/-/stream-transform-3.3.3.tgz#d130bfed33739de6ef190a8f06cc8ad1b4c1635a"
  integrity sha512-dALXrXe+uq4aO5oStdHKlfCM/b3NBdouigvxVPxCdrMRAU6oHh3KNss20VbTPQNQmjAHzZGKGe66vgwegFEIog==

typescript@^5.7.3:
  version "5.7.3"
  resolved "https://registry.yarnpkg.com/typescript/-/typescript-5.7.3.tgz#919b44a7dbb8583a9b856d162be24a54bf80073e"
  integrity sha512-84MVSjMEHP+FQRPy3pX9sTVV/INIex71s9TL2Gm5FG/WG1SqXeKyZ0k7/blY/4FdOzI12CBy1vGc4og/eus0fw==

undici-types@~6.20.0:
  version "6.20.0"
  resolved "https://registry.yarnpkg.com/undici-types/-/undici-types-6.20.0.tgz#8171bf22c1f588d1554d55bf204bc624af388433"
  integrity sha512-Ny6QZ2Nju20vw1SRHe3d9jVu6gJ+4e3+MMpqu7pqE5HT6WsTSlce++GQmK5UXS8mzV8DSYHrQH+Xrf2jVcuKNg==

word-error-rate@^0.0.7:
  version "0.0.7"
  resolved "https://registry.yarnpkg.com/word-error-rate/-/word-error-rate-0.0.7.tgz#8356e94074abd5a1cf0262dbb8bd01604eaa115d"
  integrity sha512-uwHptRrdsLELkHsoYbyYrmaWJjfNy3naKUl/Sh3tsJ2jMLdSCGrM2rztdtdexGrvEdLKQxvjDggw2NZe0FlWlg==
  dependencies:
    levenshtein-edit-distance "^2.0.3"
    object-hash "^1.3.1"
